
Microsoft Visual Studio Solution File, Format Version 12.00
# Visual Studio Version 16
VisualStudioVersion = 16.0.31702.278
MinimumVisualStudioVersion = 10.0.40219.1
Project("{FAE04EC0-301F-11D3-BF4B-00C04F79EFBC}") = "Dz_14_TreeVeiw", "Dz_14_TreeVeiw\Dz_14_TreeVeiw.csproj", "{DCC85D79-2AB5-47D6-ADD0-AB861EB9CEE2}"
EndProject
Global
	GlobalSection(SolutionConfigurationPlatforms) = preSolution
		Debug|Any CPU = Debug|Any CPU
		Release|Any CPU = Release|Any CPU
	EndGlobalSection
	GlobalSection(ProjectConfigurationPlatforms) = postSolution
		{DCC85D79-2AB5-47D6-ADD0-AB861EB9CEE2}.Debug|Any CPU.ActiveCfg = Debug|Any CPU
		{DCC85D79-2AB5-47D6-ADD0-AB861EB9CEE2}.Debug|Any CPU.Build.0 = Debug|Any CPU
		{DCC85D79-2AB5-47D6-ADD0-AB861EB9CEE2}.Release|Any CPU.ActiveCfg = Release|Any CPU
		{DCC85D79-2AB5-47D6-ADD0-AB861EB9CEE2}.Release|Any CPU.Build.0 = Release|Any CPU
	EndGlobalSection
	GlobalSection(SolutionProperties) = preSolution
		HideSolutionNode = FALSE
	EndGlobalSection
	GlobalSection(ExtensibilityGlobals) = postSolution
		SolutionGuid = {042202A4-91E3-410A-AF86-DF68B0207C03}
	EndGlobalSection
EndGlobal
